
Microsoft Visual Studio Solution File, Format Version 12.00
# Visual Studio Version 16
VisualStudioVersion = 16.0.30011.22
MinimumVisualStudioVersion = 10.0.40219.1
Project("{FAE04EC0-301F-11D3-BF4B-00C04F79EFBC}") = "lab_1", "lab_1\lab_1.csproj", "{8CD2CA8B-BFEA-4FC1-987C-3EE60C723FD3}"
EndProject
Project("{FAE04EC0-301F-11D3-BF4B-00C04F79EFBC}") = "UnitTestLab_1", "UnitTestLab_1\UnitTestLab_1.csproj", "{5C984CA2-8F30-4A1F-BBEE-DDA20B48757A}"
EndProject
Global
	GlobalSection(SolutionConfigurationPlatforms) = preSolution
		Debug|Any CPU = Debug|Any CPU
		Release|Any CPU = Release|Any CPU
	EndGlobalSection
	GlobalSection(ProjectConfigurationPlatforms) = postSolution
		{8CD2CA8B-BFEA-4FC1-987C-3EE60C723FD3}.Debug|Any CPU.ActiveCfg = Debug|Any CPU
		{8CD2CA8B-BFEA-4FC1-987C-3EE60C723FD3}.Debug|Any CPU.Build.0 = Debug|Any CPU
		{8CD2CA8B-BFEA-4FC1-987C-3EE60C723FD3}.Release|Any CPU.ActiveCfg = Release|Any CPU
		{8CD2CA8B-BFEA-4FC1-987C-3EE60C723FD3}.Release|Any CPU.Build.0 = Release|Any CPU
		{5C984CA2-8F30-4A1F-BBEE-DDA20B48757A}.Debug|Any CPU.ActiveCfg = Debug|Any CPU
		{5C984CA2-8F30-4A1F-BBEE-DDA20B48757A}.Debug|Any CPU.Build.0 = Debug|Any CPU
		{5C984CA2-8F30-4A1F-BBEE-DDA20B48757A}.Release|Any CPU.ActiveCfg = Release|Any CPU
		{5C984CA2-8F30-4A1F-BBEE-DDA20B48757A}.Release|Any CPU.Build.0 = Release|Any CPU
	EndGlobalSection
	GlobalSection(SolutionProperties) = preSolution
		HideSolutionNode = FALSE
	EndGlobalSection
	GlobalSection(ExtensibilityGlobals) = postSolution
		SolutionGuid = {1EE2AAA6-1027-46CF-922B-7C30682B5538}
	EndGlobalSection
EndGlobal
